
Microsoft Visual Studio Solution File, Format Version 12.00
# Visual Studio Version 17
VisualStudioVersion = 17.7.34221.43
MinimumVisualStudioVersion = 10.0.40219.1
Project("{FAE04EC0-301F-11D3-BF4B-00C04F79EFBC}") = "NETDeveloper_ PruebaTecnica.Domain", "NETDeveloper_ PruebaTecnica.Domain\NETDeveloper_ PruebaTecnica.Domain.csproj", "{61FFA32F-1A8E-471F-8E7E-03740EDD79DA}"
EndProject
Project("{FAE04EC0-301F-11D3-BF4B-00C04F79EFBC}") = "NETDeveloper_ PruebaTecnica.Persistence", "NETDeveloper_ PruebaTecnica.Persistence\NETDeveloper_ PruebaTecnica.Persistence.csproj", "{BF106480-F970-4CBE-A97D-25BA9C826A70}"
EndProject
Project("{FAE04EC0-301F-11D3-BF4B-00C04F79EFBC}") = "NETDeveloper_ PruebaTecnica.Application", "NETDeveloper_ PruebaTecnica.Application\NETDeveloper_ PruebaTecnica.Application.csproj", "{FFE6736A-396B-4D62-A0C6-5976DA0E9B42}"
EndProject
Project("{FAE04EC0-301F-11D3-BF4B-00C04F79EFBC}") = "NETDeveloper_ PruebaTecnica.Api", "NETDeveloper_ PruebaTecnica.Api\NETDeveloper_ PruebaTecnica.Api.csproj", "{5BC78651-1AA8-4F39-AF1F-C3D07189D4B6}"
EndProject
Global
	GlobalSection(SolutionConfigurationPlatforms) = preSolution
		Debug|Any CPU = Debug|Any CPU
		Release|Any CPU = Release|Any CPU
	EndGlobalSection
	GlobalSection(ProjectConfigurationPlatforms) = postSolution
		{61FFA32F-1A8E-471F-8E7E-03740EDD79DA}.Debug|Any CPU.ActiveCfg = Debug|Any CPU
		{61FFA32F-1A8E-471F-8E7E-03740EDD79DA}.Debug|Any CPU.Build.0 = Debug|Any CPU
		{61FFA32F-1A8E-471F-8E7E-03740EDD79DA}.Release|Any CPU.ActiveCfg = Release|Any CPU
		{61FFA32F-1A8E-471F-8E7E-03740EDD79DA}.Release|Any CPU.Build.0 = Release|Any CPU
		{BF106480-F970-4CBE-A97D-25BA9C826A70}.Debug|Any CPU.ActiveCfg = Debug|Any CPU
		{BF106480-F970-4CBE-A97D-25BA9C826A70}.Debug|Any CPU.Build.0 = Debug|Any CPU
		{BF106480-F970-4CBE-A97D-25BA9C826A70}.Release|Any CPU.ActiveCfg = Release|Any CPU
		{BF106480-F970-4CBE-A97D-25BA9C826A70}.Release|Any CPU.Build.0 = Release|Any CPU
		{FFE6736A-396B-4D62-A0C6-5976DA0E9B42}.Debug|Any CPU.ActiveCfg = Debug|Any CPU
		{FFE6736A-396B-4D62-A0C6-5976DA0E9B42}.Debug|Any CPU.Build.0 = Debug|Any CPU
		{FFE6736A-396B-4D62-A0C6-5976DA0E9B42}.Release|Any CPU.ActiveCfg = Release|Any CPU
		{FFE6736A-396B-4D62-A0C6-5976DA0E9B42}.Release|Any CPU.Build.0 = Release|Any CPU
		{5BC78651-1AA8-4F39-AF1F-C3D07189D4B6}.Debug|Any CPU.ActiveCfg = Debug|Any CPU
		{5BC78651-1AA8-4F39-AF1F-C3D07189D4B6}.Debug|Any CPU.Build.0 = Debug|Any CPU
		{5BC78651-1AA8-4F39-AF1F-C3D07189D4B6}.Release|Any CPU.ActiveCfg = Release|Any CPU
		{5BC78651-1AA8-4F39-AF1F-C3D07189D4B6}.Release|Any CPU.Build.0 = Release|Any CPU
	EndGlobalSection
	GlobalSection(SolutionProperties) = preSolution
		HideSolutionNode = FALSE
	EndGlobalSection
	GlobalSection(ExtensibilityGlobals) = postSolution
		SolutionGuid = {B2968480-71CE-42DB-9D95-07D61B3D486E}
	EndGlobalSection
EndGlobal
